
Microsoft Visual Studio Solution File, Format Version 12.00
# Visual Studio Version 17
VisualStudioVersion = 17.7.34031.279
MinimumVisualStudioVersion = 10.0.40219.1
Project("{9A19103F-16F7-4668-BE54-9A1E7A4F7556}") = "Eigenshappen", "Eigenshappen.csproj", "{162EE9E3-A787-4D19-BF99-CEE9FD88063B}"
EndProject
Global
	GlobalSection(SolutionConfigurationPlatforms) = preSolution
		Debug|Any CPU = Debug|Any CPU
		Release|Any CPU = Release|Any CPU
	EndGlobalSection
	GlobalSection(ProjectConfigurationPlatforms) = postSolution
		{162EE9E3-A787-4D19-BF99-CEE9FD88063B}.Debug|Any CPU.ActiveCfg = Debug|Any CPU
		{162EE9E3-A787-4D19-BF99-CEE9FD88063B}.Debug|Any CPU.Build.0 = Debug|Any CPU
		{162EE9E3-A787-4D19-BF99-CEE9FD88063B}.Release|Any CPU.ActiveCfg = Release|Any CPU
		{162EE9E3-A787-4D19-BF99-CEE9FD88063B}.Release|Any CPU.Build.0 = Release|Any CPU
	EndGlobalSection
	GlobalSection(SolutionProperties) = preSolution
		HideSolutionNode = FALSE
	EndGlobalSection
	GlobalSection(ExtensibilityGlobals) = postSolution
		SolutionGuid = {C0C49920-7F12-4A62-B9D5-E0079FCBF5FF}
	EndGlobalSection
EndGlobal
